
Microsoft Visual Studio Solution File, Format Version 12.00
# Visual Studio Version 17
VisualStudioVersion = 17.13.35919.96 d17.13
MinimumVisualStudioVersion = 10.0.40219.1
Project("{FAE04EC0-301F-11D3-BF4B-00C04F79EFBC}") = "VistasVeterinaria", "VistasVeterinaria.csproj", "{2008DDBF-66ED-4B60-A9EB-5EA2B30CCE80}"
EndProject
Global
	GlobalSection(SolutionConfigurationPlatforms) = preSolution
		Debug|Any CPU = Debug|Any CPU
		Release|Any CPU = Release|Any CPU
	EndGlobalSection
	GlobalSection(ProjectConfigurationPlatforms) = postSolution
		{2008DDBF-66ED-4B60-A9EB-5EA2B30CCE80}.Debug|Any CPU.ActiveCfg = Debug|Any CPU
		{2008DDBF-66ED-4B60-A9EB-5EA2B30CCE80}.Debug|Any CPU.Build.0 = Debug|Any CPU
		{2008DDBF-66ED-4B60-A9EB-5EA2B30CCE80}.Release|Any CPU.ActiveCfg = Release|Any CPU
		{2008DDBF-66ED-4B60-A9EB-5EA2B30CCE80}.Release|Any CPU.Build.0 = Release|Any CPU
	EndGlobalSection
	GlobalSection(SolutionProperties) = preSolution
		HideSolutionNode = FALSE
	EndGlobalSection
	GlobalSection(ExtensibilityGlobals) = postSolution
		SolutionGuid = {378C5332-B8F2-4DD0-96B9-55516776FB2C}
	EndGlobalSection
EndGlobal
